<?xml version="1.0" encoding="utf-8"?>
<Project ToolsVersion="4.0" xmlns="http://schemas.microsoft.com/developer/msbuild/2003">
  <ItemGroup>
    <Filter Include="Source Files">
      <UniqueIdentifier>{4FC737F1-C7A5-4376-A066-2A32D752A2FF}</UniqueIdentifier>
      <Extensions>cpp;c;cc;cxx;def;odl;idl;hpj;bat;asm;asmx</Extensions>
    </Filter>
    <Filter Include="Header Files">
      <UniqueIdentifier>{93995380-89BD-4b04-88EB-625FBE52EBFB}</UniqueIdentifier>
      <Extensions>h;hh;hpp;hxx;hm;inl;inc;xsd</Extensions>
    </Filter>
    <Filter Include="Resource Files">
      <UniqueIdentifier>{67DA6AB6-F800-4c08-8B7A-83BB121AAD01}</UniqueIdentifier>
      <Extensions>rc;ico;cur;bmp;dlg;rc2;rct;bin;rgs;gif;jpg;jpeg;jpe;resx;tiff;tif;png;wav</Extensions>
    </Filter>
    <Filter Include="GPU Programs">
      <UniqueIdentifier>{44d785e4-2272-4895-820f-79d6e544cc74}</UniqueIdentifier>
    </Filter>
    <Filter Include="GPU Programs\FragmentShaders">
      <UniqueIdentifier>{2d914a40-91ea-4584-acb0-1ac2f788f22e}</UniqueIdentifier>
    </Filter>
    <Filter Include="GPU Programs\VertexShaders">
      <UniqueIdentifier>{3b463fdf-2d20-42fc-bf56-42befd2db532}</UniqueIdentifier>
    </Filter>
    <Filter Include="GPU Programs\ComputeShaders">
      <UniqueIdentifier>{e396449f-d702-4308-859f-a747835f57d9}</UniqueIdentifier>
    </Filter>
    <Filter Include="GPU Programs\GeometryShaders">
      <UniqueIdentifier>{79ad1a6c-f9b3-417d-ad77-c750eb5d97dc}</UniqueIdentifier>
    </Filter>
  </ItemGroup>
  <ItemGroup>
    <ClCompile Include="ID3D11Renderer.cpp">
      <Filter>Source Files</Filter>
    </ClCompile>
    <ClCompile Include="WinMain.cpp">
      <Filter>Source Files</Filter>
    </ClCompile>
    <ClCompile Include="ShaderTechnique.cpp">
      <Filter>Source Files</Filter>
    </ClCompile>
    <ClCompile Include="VertexBufferGPU.cpp">
      <Filter>Source Files</Filter>
    </ClCompile>
    <ClCompile Include="WaveGenerator.cpp">
      <Filter>Source Files</Filter>
    </ClCompile>
  </ItemGroup>
  <ItemGroup>
    <ClInclude Include="ID3D11Renderer.h">
      <Filter>Header Files</Filter>
    </ClInclude>
    <ClInclude Include="Resource.h">
      <Filter>Header Files</Filter>
    </ClInclude>
    <ClInclude Include="PreprocessorDefinitions.h">
      <Filter>Header Files</Filter>
    </ClInclude>
    <ClInclude Include="ShaderTechnique.h">
      <Filter>Header Files</Filter>
    </ClInclude>
    <ClInclude Include="SingletonMacros.h">
      <Filter>Header Files</Filter>
    </ClInclude>
    <ClInclude Include="VertexBufferGPU.h">
      <Filter>Header Files</Filter>
    </ClInclude>
    <ClInclude Include="VertexBufferLayout.h">
      <Filter>Header Files</Filter>
    </ClInclude>
    <ClInclude Include="WaveGenerator.h">
      <Filter>Header Files</Filter>
    </ClInclude>
  </ItemGroup>
</Project>